
Microsoft Visual Studio Solution File, Format Version 12.00
# Visual Studio Version 17
VisualStudioVersion = 17.5.002.0
MinimumVisualStudioVersion = 10.0.40219.1
Project("{2150E333-8FDC-42A3-9474-1A3956D46DE8}") = "Temp", "Temp", "{99554A7F-35C5-487A-B89D-CCE4468A1CBC}"
EndProject
Project("{9A19103F-16F7-4668-BE54-9A1E7A4F7556}") = "MyProject", "Temp\MyProject\MyProject.csproj", "{4F0DD2BD-BC57-448E-B7FD-B9F1669C5276}"
EndProject
Project("{9A19103F-16F7-4668-BE54-9A1E7A4F7556}") = "Program", "Temp\Program\Program.csproj", "{4B9CAFCC-7D2D-4A1E-B7FE-CD7A08BA5D42}"
EndProject
Project("{2150E333-8FDC-42A3-9474-1A3956D46DE8}") = "DataBase", "DataBase", "{2072AEBF-0CA4-43E2-8E31-8DF989D2570E}"
EndProject
Project("{2150E333-8FDC-42A3-9474-1A3956D46DE8}") = "LAB01", "LAB01", "{4F729B5E-E8B6-4FFB-AF6D-A9C8266B4DBC}"
EndProject
Project("{9A19103F-16F7-4668-BE54-9A1E7A4F7556}") = "Q6", "DataBase\LAB01\Q6\Q6.csproj", "{0BA0DF8D-0297-457C-A684-DE6411D24A2E}"
EndProject
Project("{9A19103F-16F7-4668-BE54-9A1E7A4F7556}") = "Q1", "DataBase\LAB01\Q1\Q1.csproj", "{D68A7153-7A9A-40E7-B41A-10897AD482F4}"
EndProject
Project("{9A19103F-16F7-4668-BE54-9A1E7A4F7556}") = "Q2", "DataBase\LAB01\Q2\Q2.csproj", "{E60DA2B3-FFB6-4616-A863-FC7F1544B736}"
EndProject
Project("{9A19103F-16F7-4668-BE54-9A1E7A4F7556}") = "Q5", "DataBase\LAB01\Q5\Q5.csproj", "{501EC6D3-F4F0-4965-A440-1DAA67FBEE5E}"
EndProject
Project("{9A19103F-16F7-4668-BE54-9A1E7A4F7556}") = "Q4", "DataBase\LAB01\Q4\Q4.csproj", "{C339B333-952D-498B-B436-1C588AC08842}"
EndProject
Project("{9A19103F-16F7-4668-BE54-9A1E7A4F7556}") = "Q3", "DataBase\LAB01\Q3\Q3.csproj", "{9932FCAF-4753-44C3-871D-F444BA5CFDD3}"
EndProject
Global
	GlobalSection(SolutionConfigurationPlatforms) = preSolution
		Debug|Any CPU = Debug|Any CPU
		Release|Any CPU = Release|Any CPU
	EndGlobalSection
	GlobalSection(ProjectConfigurationPlatforms) = postSolution
		{4F0DD2BD-BC57-448E-B7FD-B9F1669C5276}.Debug|Any CPU.ActiveCfg = Debug|Any CPU
		{4F0DD2BD-BC57-448E-B7FD-B9F1669C5276}.Debug|Any CPU.Build.0 = Debug|Any CPU
		{4F0DD2BD-BC57-448E-B7FD-B9F1669C5276}.Release|Any CPU.ActiveCfg = Release|Any CPU
		{4F0DD2BD-BC57-448E-B7FD-B9F1669C5276}.Release|Any CPU.Build.0 = Release|Any CPU
		{4B9CAFCC-7D2D-4A1E-B7FE-CD7A08BA5D42}.Debug|Any CPU.ActiveCfg = Debug|Any CPU
		{4B9CAFCC-7D2D-4A1E-B7FE-CD7A08BA5D42}.Debug|Any CPU.Build.0 = Debug|Any CPU
		{4B9CAFCC-7D2D-4A1E-B7FE-CD7A08BA5D42}.Release|Any CPU.ActiveCfg = Release|Any CPU
		{4B9CAFCC-7D2D-4A1E-B7FE-CD7A08BA5D42}.Release|Any CPU.Build.0 = Release|Any CPU
		{0BA0DF8D-0297-457C-A684-DE6411D24A2E}.Debug|Any CPU.ActiveCfg = Debug|Any CPU
		{0BA0DF8D-0297-457C-A684-DE6411D24A2E}.Debug|Any CPU.Build.0 = Debug|Any CPU
		{0BA0DF8D-0297-457C-A684-DE6411D24A2E}.Release|Any CPU.ActiveCfg = Release|Any CPU
		{0BA0DF8D-0297-457C-A684-DE6411D24A2E}.Release|Any CPU.Build.0 = Release|Any CPU
		{D68A7153-7A9A-40E7-B41A-10897AD482F4}.Debug|Any CPU.ActiveCfg = Debug|Any CPU
		{D68A7153-7A9A-40E7-B41A-10897AD482F4}.Debug|Any CPU.Build.0 = Debug|Any CPU
		{D68A7153-7A9A-40E7-B41A-10897AD482F4}.Release|Any CPU.ActiveCfg = Release|Any CPU
		{D68A7153-7A9A-40E7-B41A-10897AD482F4}.Release|Any CPU.Build.0 = Release|Any CPU
		{E60DA2B3-FFB6-4616-A863-FC7F1544B736}.Debug|Any CPU.ActiveCfg = Debug|Any CPU
		{E60DA2B3-FFB6-4616-A863-FC7F1544B736}.Debug|Any CPU.Build.0 = Debug|Any CPU
		{E60DA2B3-FFB6-4616-A863-FC7F1544B736}.Release|Any CPU.ActiveCfg = Release|Any CPU
		{E60DA2B3-FFB6-4616-A863-FC7F1544B736}.Release|Any CPU.Build.0 = Release|Any CPU
		{501EC6D3-F4F0-4965-A440-1DAA67FBEE5E}.Debug|Any CPU.ActiveCfg = Debug|Any CPU
		{501EC6D3-F4F0-4965-A440-1DAA67FBEE5E}.Debug|Any CPU.Build.0 = Debug|Any CPU
		{501EC6D3-F4F0-4965-A440-1DAA67FBEE5E}.Release|Any CPU.ActiveCfg = Release|Any CPU
		{501EC6D3-F4F0-4965-A440-1DAA67FBEE5E}.Release|Any CPU.Build.0 = Release|Any CPU
		{C339B333-952D-498B-B436-1C588AC08842}.Debug|Any CPU.ActiveCfg = Debug|Any CPU
		{C339B333-952D-498B-B436-1C588AC08842}.Debug|Any CPU.Build.0 = Debug|Any CPU
		{C339B333-952D-498B-B436-1C588AC08842}.Release|Any CPU.ActiveCfg = Release|Any CPU
		{C339B333-952D-498B-B436-1C588AC08842}.Release|Any CPU.Build.0 = Release|Any CPU
		{9932FCAF-4753-44C3-871D-F444BA5CFDD3}.Debug|Any CPU.ActiveCfg = Debug|Any CPU
		{9932FCAF-4753-44C3-871D-F444BA5CFDD3}.Debug|Any CPU.Build.0 = Debug|Any CPU
		{9932FCAF-4753-44C3-871D-F444BA5CFDD3}.Release|Any CPU.ActiveCfg = Release|Any CPU
		{9932FCAF-4753-44C3-871D-F444BA5CFDD3}.Release|Any CPU.Build.0 = Release|Any CPU
	EndGlobalSection
	GlobalSection(SolutionProperties) = preSolution
		HideSolutionNode = FALSE
	EndGlobalSection
	GlobalSection(NestedProjects) = preSolution
		{4F0DD2BD-BC57-448E-B7FD-B9F1669C5276} = {99554A7F-35C5-487A-B89D-CCE4468A1CBC}
		{4B9CAFCC-7D2D-4A1E-B7FE-CD7A08BA5D42} = {99554A7F-35C5-487A-B89D-CCE4468A1CBC}
		{4F729B5E-E8B6-4FFB-AF6D-A9C8266B4DBC} = {2072AEBF-0CA4-43E2-8E31-8DF989D2570E}
		{0BA0DF8D-0297-457C-A684-DE6411D24A2E} = {4F729B5E-E8B6-4FFB-AF6D-A9C8266B4DBC}
		{D68A7153-7A9A-40E7-B41A-10897AD482F4} = {4F729B5E-E8B6-4FFB-AF6D-A9C8266B4DBC}
		{E60DA2B3-FFB6-4616-A863-FC7F1544B736} = {4F729B5E-E8B6-4FFB-AF6D-A9C8266B4DBC}
		{501EC6D3-F4F0-4965-A440-1DAA67FBEE5E} = {4F729B5E-E8B6-4FFB-AF6D-A9C8266B4DBC}
		{C339B333-952D-498B-B436-1C588AC08842} = {4F729B5E-E8B6-4FFB-AF6D-A9C8266B4DBC}
		{9932FCAF-4753-44C3-871D-F444BA5CFDD3} = {4F729B5E-E8B6-4FFB-AF6D-A9C8266B4DBC}
	EndGlobalSection
	GlobalSection(ExtensibilityGlobals) = postSolution
		SolutionGuid = {4AC0E391-1F5C-4944-9319-B69DC2BB1494}
	EndGlobalSection
EndGlobal
