
Microsoft Visual Studio Solution File, Format Version 12.00
# Visual Studio Version 17
VisualStudioVersion = 17.5.33627.172
MinimumVisualStudioVersion = 10.0.40219.1
Project("{FAE04EC0-301F-11D3-BF4B-00C04F79EFBC}") = "Signup", "Signup\Signup.csproj", "{EA142618-E309-47EE-A70C-FE79D009102D}"
EndProject
Global
	GlobalSection(SolutionConfigurationPlatforms) = preSolution
		Debug|Any CPU = Debug|Any CPU
		Release|Any CPU = Release|Any CPU
	EndGlobalSection
	GlobalSection(ProjectConfigurationPlatforms) = postSolution
		{EA142618-E309-47EE-A70C-FE79D009102D}.Debug|Any CPU.ActiveCfg = Debug|Any CPU
		{EA142618-E309-47EE-A70C-FE79D009102D}.Debug|Any CPU.Build.0 = Debug|Any CPU
		{EA142618-E309-47EE-A70C-FE79D009102D}.Release|Any CPU.ActiveCfg = Release|Any CPU
		{EA142618-E309-47EE-A70C-FE79D009102D}.Release|Any CPU.Build.0 = Release|Any CPU
	EndGlobalSection
	GlobalSection(SolutionProperties) = preSolution
		HideSolutionNode = FALSE
	EndGlobalSection
	GlobalSection(ExtensibilityGlobals) = postSolution
		SolutionGuid = {84C17FA6-E12C-4979-9504-67C1F2AD369A}
	EndGlobalSection
EndGlobal
